
Microsoft Visual Studio Solution File, Format Version 12.00
# Visual Studio Version 16
VisualStudioVersion = 16.0.28803.156
MinimumVisualStudioVersion = 10.0.40219.1
Project("{888888A0-9F3D-457C-B088-3A5042F75D52}") = "TCPClient", "PythonApplication2\TCPClient.pyproj", "{055D0BB6-DC54-4527-8789-40BB70DE024B}"
EndProject
Global
	GlobalSection(SolutionConfigurationPlatforms) = preSolution
		Debug|Any CPU = Debug|Any CPU
		Release|Any CPU = Release|Any CPU
	EndGlobalSection
	GlobalSection(ProjectConfigurationPlatforms) = postSolution
		{055D0BB6-DC54-4527-8789-40BB70DE024B}.Debug|Any CPU.ActiveCfg = Debug|Any CPU
		{055D0BB6-DC54-4527-8789-40BB70DE024B}.Release|Any CPU.ActiveCfg = Release|Any CPU
	EndGlobalSection
	GlobalSection(SolutionProperties) = preSolution
		HideSolutionNode = FALSE
	EndGlobalSection
	GlobalSection(ExtensibilityGlobals) = postSolution
		SolutionGuid = {F2270E50-0889-451A-B6EA-BBCEDD7B83FB}
	EndGlobalSection
EndGlobal
